
Microsoft Visual Studio Solution File, Format Version 12.00
# Visual Studio Version 17
VisualStudioVersion = 17.0.31903.59
MinimumVisualStudioVersion = 10.0.40219.1
Project("{2150E333-8FDC-42A3-9474-1A3956D46DE8}") = "src", "src", "{3B31D896-DB86-4B7A-92B6-7734102CDB6D}"
EndProject
Project("{FAE04EC0-301F-11D3-BF4B-00C04F79EFBC}") = "AuctionService", "src\AuctionService\AuctionService.csproj", "{013A5035-42A1-4FAC-8450-81C9C0165E4A}"
EndProject
Project("{FAE04EC0-301F-11D3-BF4B-00C04F79EFBC}") = "SearchService", "src\SearchService\SearchService.csproj", "{72EB8EDC-6D56-479B-BF61-27E151B094BC}"
EndProject
Project("{FAE04EC0-301F-11D3-BF4B-00C04F79EFBC}") = "Contracts", "src\Contracts\Contracts.csproj", "{C17BEC1E-4D23-4B4E-AC97-95505E968ADC}"
EndProject
Project("{FAE04EC0-301F-11D3-BF4B-00C04F79EFBC}") = "IdentityService", "src\IdentityService\IdentityService.csproj", "{E7B14D5D-05FF-4650-BB3E-41783C67D5D3}"
EndProject
Global
	GlobalSection(SolutionConfigurationPlatforms) = preSolution
		Debug|Any CPU = Debug|Any CPU
		Release|Any CPU = Release|Any CPU
	EndGlobalSection
	GlobalSection(SolutionProperties) = preSolution
		HideSolutionNode = FALSE
	EndGlobalSection
	GlobalSection(ProjectConfigurationPlatforms) = postSolution
		{013A5035-42A1-4FAC-8450-81C9C0165E4A}.Debug|Any CPU.ActiveCfg = Debug|Any CPU
		{013A5035-42A1-4FAC-8450-81C9C0165E4A}.Debug|Any CPU.Build.0 = Debug|Any CPU
		{013A5035-42A1-4FAC-8450-81C9C0165E4A}.Release|Any CPU.ActiveCfg = Release|Any CPU
		{013A5035-42A1-4FAC-8450-81C9C0165E4A}.Release|Any CPU.Build.0 = Release|Any CPU
		{72EB8EDC-6D56-479B-BF61-27E151B094BC}.Debug|Any CPU.ActiveCfg = Debug|Any CPU
		{72EB8EDC-6D56-479B-BF61-27E151B094BC}.Debug|Any CPU.Build.0 = Debug|Any CPU
		{72EB8EDC-6D56-479B-BF61-27E151B094BC}.Release|Any CPU.ActiveCfg = Release|Any CPU
		{72EB8EDC-6D56-479B-BF61-27E151B094BC}.Release|Any CPU.Build.0 = Release|Any CPU
		{C17BEC1E-4D23-4B4E-AC97-95505E968ADC}.Debug|Any CPU.ActiveCfg = Debug|Any CPU
		{C17BEC1E-4D23-4B4E-AC97-95505E968ADC}.Debug|Any CPU.Build.0 = Debug|Any CPU
		{C17BEC1E-4D23-4B4E-AC97-95505E968ADC}.Release|Any CPU.ActiveCfg = Release|Any CPU
		{C17BEC1E-4D23-4B4E-AC97-95505E968ADC}.Release|Any CPU.Build.0 = Release|Any CPU
		{E7B14D5D-05FF-4650-BB3E-41783C67D5D3}.Debug|Any CPU.ActiveCfg = Debug|Any CPU
		{E7B14D5D-05FF-4650-BB3E-41783C67D5D3}.Debug|Any CPU.Build.0 = Debug|Any CPU
		{E7B14D5D-05FF-4650-BB3E-41783C67D5D3}.Release|Any CPU.ActiveCfg = Release|Any CPU
		{E7B14D5D-05FF-4650-BB3E-41783C67D5D3}.Release|Any CPU.Build.0 = Release|Any CPU
	EndGlobalSection
	GlobalSection(NestedProjects) = preSolution
		{013A5035-42A1-4FAC-8450-81C9C0165E4A} = {3B31D896-DB86-4B7A-92B6-7734102CDB6D}
		{72EB8EDC-6D56-479B-BF61-27E151B094BC} = {3B31D896-DB86-4B7A-92B6-7734102CDB6D}
		{C17BEC1E-4D23-4B4E-AC97-95505E968ADC} = {3B31D896-DB86-4B7A-92B6-7734102CDB6D}
		{E7B14D5D-05FF-4650-BB3E-41783C67D5D3} = {3B31D896-DB86-4B7A-92B6-7734102CDB6D}
	EndGlobalSection
EndGlobal
